
Microsoft Visual Studio Solution File, Format Version 12.00
# Visual Studio Version 17
VisualStudioVersion = 17.8.34330.188
MinimumVisualStudioVersion = 10.0.40219.1
Project("{FAE04EC0-301F-11D3-BF4B-00C04F79EFBC}") = "UrlShortenerApi", "UrlShortenerApi\UrlShortenerApi.csproj", "{525A4B00-3650-427B-AC35-59417A3084D8}"
EndProject
Global
	GlobalSection(SolutionConfigurationPlatforms) = preSolution
		Debug|Any CPU = Debug|Any CPU
		Release|Any CPU = Release|Any CPU
	EndGlobalSection
	GlobalSection(ProjectConfigurationPlatforms) = postSolution
		{525A4B00-3650-427B-AC35-59417A3084D8}.Debug|Any CPU.ActiveCfg = Debug|Any CPU
		{525A4B00-3650-427B-AC35-59417A3084D8}.Debug|Any CPU.Build.0 = Debug|Any CPU
		{525A4B00-3650-427B-AC35-59417A3084D8}.Release|Any CPU.ActiveCfg = Release|Any CPU
		{525A4B00-3650-427B-AC35-59417A3084D8}.Release|Any CPU.Build.0 = Release|Any CPU
	EndGlobalSection
	GlobalSection(SolutionProperties) = preSolution
		HideSolutionNode = FALSE
	EndGlobalSection
	GlobalSection(ExtensibilityGlobals) = postSolution
		SolutionGuid = {0B502DD6-E546-478F-82F8-C1929549C79C}
	EndGlobalSection
EndGlobal
